
Microsoft Visual Studio Solution File, Format Version 12.00
# Visual Studio Version 17
VisualStudioVersion = 17.14.36705.20 d17.14
MinimumVisualStudioVersion = 10.0.40219.1
Project("{FAE04EC0-301F-11D3-BF4B-00C04F79EFBC}") = "Products_service", "Products_service\Products_service.csproj", "{D4896625-B92A-4B4E-ADB4-3192B2984573}"
EndProject
Global
	GlobalSection(SolutionConfigurationPlatforms) = preSolution
		Debug|Any CPU = Debug|Any CPU
		Release|Any CPU = Release|Any CPU
	EndGlobalSection
	GlobalSection(ProjectConfigurationPlatforms) = postSolution
		{D4896625-B92A-4B4E-ADB4-3192B2984573}.Debug|Any CPU.ActiveCfg = Debug|Any CPU
		{D4896625-B92A-4B4E-ADB4-3192B2984573}.Debug|Any CPU.Build.0 = Debug|Any CPU
		{D4896625-B92A-4B4E-ADB4-3192B2984573}.Release|Any CPU.ActiveCfg = Release|Any CPU
		{D4896625-B92A-4B4E-ADB4-3192B2984573}.Release|Any CPU.Build.0 = Release|Any CPU
	EndGlobalSection
	GlobalSection(SolutionProperties) = preSolution
		HideSolutionNode = FALSE
	EndGlobalSection
	GlobalSection(ExtensibilityGlobals) = postSolution
		SolutionGuid = {6A6D016F-9927-4762-942B-51BDB532A16A}
	EndGlobalSection
EndGlobal
